// !$*UTF8*$!
{
	archiveVersion = 1;
	classes = {
	};
	objectVersion = 55;
	objects = {

/* Begin PBXBuildFile section */
		60E661C528BE17D1006D3B85 /* AppDelegate.swift in Sources */ = {isa = PBXBuildFile; fileRef = 60E661C428BE17D1006D3B85 /* AppDelegate.swift */; };
		60E661C728BE17D1006D3B85 /* SceneDelegate.swift in Sources */ = {isa = PBXBuildFile; fileRef = 60E661C628BE17D1006D3B85 /* SceneDelegate.swift */; };
		60E661CF28BE17D1006D3B85 /* NatiaL_HW27.xcdatamodeld in Sources */ = {isa = PBXBuildFile; fileRef = 60E661CD28BE17D1006D3B85 /* NatiaL_HW27.xcdatamodeld */; };
		60E661D128BE17D2006D3B85 /* Assets.xcassets in Resources */ = {isa = PBXBuildFile; fileRef = 60E661D028BE17D2006D3B85 /* Assets.xcassets */; };
		60E661D428BE17D2006D3B85 /* LaunchScreen.storyboard in Resources */ = {isa = PBXBuildFile; fileRef = 60E661D228BE17D2006D3B85 /* LaunchScreen.storyboard */; };
		60E661DE28BE1805006D3B85 /* APIManager.swift in Sources */ = {isa = PBXBuildFile; fileRef = 60E661DD28BE1805006D3B85 /* APIManager.swift */; };
		60E661E028BE1814006D3B85 /* APIError.swift in Sources */ = {isa = PBXBuildFile; fileRef = 60E661DF28BE1814006D3B85 /* APIError.swift */; };
		60E661E328BE18BD006D3B85 /* ConstraintsExtensions.swift in Sources */ = {isa = PBXBuildFile; fileRef = 60E661E228BE18BD006D3B85 /* ConstraintsExtensions.swift */; };
		60E661E728BE1908006D3B85 /* TableViewExtensions.swift in Sources */ = {isa = PBXBuildFile; fileRef = 60E661E628BE1908006D3B85 /* TableViewExtensions.swift */; };
		60E661EE28BE1D7B006D3B85 /* CityWeathereListPresenter.swift in Sources */ = {isa = PBXBuildFile; fileRef = 60E661E828BE1D7B006D3B85 /* CityWeathereListPresenter.swift */; };
		60E661EF28BE1D7B006D3B85 /* CityWeathereListWorker.swift in Sources */ = {isa = PBXBuildFile; fileRef = 60E661E928BE1D7B006D3B85 /* CityWeathereListWorker.swift */; };
		60E661F028BE1D7B006D3B85 /* CityWeathereListRouter.swift in Sources */ = {isa = PBXBuildFile; fileRef = 60E661EA28BE1D7B006D3B85 /* CityWeathereListRouter.swift */; };
		60E661F128BE1D7B006D3B85 /* CityWeathereListModels.swift in Sources */ = {isa = PBXBuildFile; fileRef = 60E661EB28BE1D7B006D3B85 /* CityWeathereListModels.swift */; };
		60E661F228BE1D7B006D3B85 /* CityWeathereListViewController.swift in Sources */ = {isa = PBXBuildFile; fileRef = 60E661EC28BE1D7B006D3B85 /* CityWeathereListViewController.swift */; };
		60E661F328BE1D7B006D3B85 /* CityWeathereListInteractor.swift in Sources */ = {isa = PBXBuildFile; fileRef = 60E661ED28BE1D7B006D3B85 /* CityWeathereListInteractor.swift */; };
		60E661F928BE1FEF006D3B85 /* WeatherModel.swift in Sources */ = {isa = PBXBuildFile; fileRef = 60E661F828BE1FEF006D3B85 /* WeatherModel.swift */; };
		60E661FB28BE3FEA006D3B85 /* WeatherListConfiguration.swift in Sources */ = {isa = PBXBuildFile; fileRef = 60E661FA28BE3FEA006D3B85 /* WeatherListConfiguration.swift */; };
		60E6624E28BEC25B006D3B85 /* DetailedWeatherPresenter.swift in Sources */ = {isa = PBXBuildFile; fileRef = 60E6624828BEC25B006D3B85 /* DetailedWeatherPresenter.swift */; };
		60E6625028BEC25B006D3B85 /* DetailedWeatherRouter.swift in Sources */ = {isa = PBXBuildFile; fileRef = 60E6624A28BEC25B006D3B85 /* DetailedWeatherRouter.swift */; };
		60E6625128BEC25B006D3B85 /* DetailedWeatherModels.swift in Sources */ = {isa = PBXBuildFile; fileRef = 60E6624B28BEC25B006D3B85 /* DetailedWeatherModels.swift */; };
		60E6625228BEC25B006D3B85 /* DetailedWeatherViewController.swift in Sources */ = {isa = PBXBuildFile; fileRef = 60E6624C28BEC25B006D3B85 /* DetailedWeatherViewController.swift */; };
		60E6625328BEC25B006D3B85 /* DetailedWeatherInteractor.swift in Sources */ = {isa = PBXBuildFile; fileRef = 60E6624D28BEC25B006D3B85 /* DetailedWeatherInteractor.swift */; };
		60E6625528BEC28E006D3B85 /* DetailedWeatherConfiguration.swift in Sources */ = {isa = PBXBuildFile; fileRef = 60E6625428BEC28E006D3B85 /* DetailedWeatherConfiguration.swift */; };
/* End PBXBuildFile section */

/* Begin PBXFileReference section */
		60E661C128BE17D1006D3B85 /* NatiaL_HW27.app */ = {isa = PBXFileReference; explicitFileType = wrapper.application; includeInIndex = 0; path = NatiaL_HW27.app; sourceTree = BUILT_PRODUCTS_DIR; };
		60E661C428BE17D1006D3B85 /* AppDelegate.swift */ = {isa = PBXFileReference; lastKnownFileType = sourcecode.swift; path = AppDelegate.swift; sourceTree = "<group>"; };
		60E661C628BE17D1006D3B85 /* SceneDelegate.swift */ = {isa = PBXFileReference; lastKnownFileType = sourcecode.swift; path = SceneDelegate.swift; sourceTree = "<group>"; };
		60E661CE28BE17D1006D3B85 /* NatiaL_HW27.xcdatamodel */ = {isa = PBXFileReference; lastKnownFileType = wrapper.xcdatamodel; path = NatiaL_HW27.xcdatamodel; sourceTree = "<group>"; };
		60E661D028BE17D2006D3B85 /* Assets.xcassets */ = {isa = PBXFileReference; lastKnownFileType = folder.assetcatalog; path = Assets.xcassets; sourceTree = "<group>"; };
		60E661D328BE17D2006D3B85 /* Base */ = {isa = PBXFileReference; lastKnownFileType = file.storyboard; name = Base; path = Base.lproj/LaunchScreen.storyboard; sourceTree = "<group>"; };
		60E661D528BE17D2006D3B85 /* Info.plist */ = {isa = PBXFileReference; lastKnownFileType = text.plist.xml; path = Info.plist; sourceTree = "<group>"; };
		60E661DD28BE1805006D3B85 /* APIManager.swift */ = {isa = PBXFileReference; lastKnownFileType = sourcecode.swift; path = APIManager.swift; sourceTree = "<group>"; };
		60E661DF28BE1814006D3B85 /* APIError.swift */ = {isa = PBXFileReference; lastKnownFileType = sourcecode.swift; path = APIError.swift; sourceTree = "<group>"; };
		60E661E228BE18BD006D3B85 /* ConstraintsExtensions.swift */ = {isa = PBXFileReference; lastKnownFileType = sourcecode.swift; path = ConstraintsExtensions.swift; sourceTree = "<group>"; };
		60E661E628BE1908006D3B85 /* TableViewExtensions.swift */ = {isa = PBXFileReference; lastKnownFileType = sourcecode.swift; path = TableViewExtensions.swift; sourceTree = "<group>"; };
		60E661E828BE1D7B006D3B85 /* CityWeathereListPresenter.swift */ = {isa = PBXFileReference; lastKnownFileType = sourcecode.swift; path = CityWeathereListPresenter.swift; sourceTree = "<group>"; };
		60E661E928BE1D7B006D3B85 /* CityWeathereListWorker.swift */ = {isa = PBXFileReference; lastKnownFileType = sourcecode.swift; path = CityWeathereListWorker.swift; sourceTree = "<group>"; };
		60E661EA28BE1D7B006D3B85 /* CityWeathereListRouter.swift */ = {isa = PBXFileReference; lastKnownFileType = sourcecode.swift; path = CityWeathereListRouter.swift; sourceTree = "<group>"; };
		60E661EB28BE1D7B006D3B85 /* CityWeathereListModels.swift */ = {isa = PBXFileReference; lastKnownFileType = sourcecode.swift; path = CityWeathereListModels.swift; sourceTree = "<group>"; };
		60E661EC28BE1D7B006D3B85 /* CityWeathereListViewController.swift */ = {isa = PBXFileReference; lastKnownFileType = sourcecode.swift; path = CityWeathereListViewController.swift; sourceTree = "<group>"; };
		60E661ED28BE1D7B006D3B85 /* CityWeathereListInteractor.swift */ = {isa = PBXFileReference; lastKnownFileType = sourcecode.swift; path = CityWeathereListInteractor.swift; sourceTree = "<group>"; };
		60E661F828BE1FEF006D3B85 /* WeatherModel.swift */ = {isa = PBXFileReference; lastKnownFileType = sourcecode.swift; path = WeatherModel.swift; sourceTree = "<group>"; };
		60E661FA28BE3FEA006D3B85 /* WeatherListConfiguration.swift */ = {isa = PBXFileReference; lastKnownFileType = sourcecode.swift; path = WeatherListConfiguration.swift; sourceTree = "<group>"; };
		60E6624828BEC25B006D3B85 /* DetailedWeatherPresenter.swift */ = {isa = PBXFileReference; lastKnownFileType = sourcecode.swift; path = DetailedWeatherPresenter.swift; sourceTree = "<group>"; };
		60E6624A28BEC25B006D3B85 /* DetailedWeatherRouter.swift */ = {isa = PBXFileReference; lastKnownFileType = sourcecode.swift; path = DetailedWeatherRouter.swift; sourceTree = "<group>"; };
		60E6624B28BEC25B006D3B85 /* DetailedWeatherModels.swift */ = {isa = PBXFileReference; lastKnownFileType = sourcecode.swift; path = DetailedWeatherModels.swift; sourceTree = "<group>"; };
		60E6624C28BEC25B006D3B85 /* DetailedWeatherViewController.swift */ = {isa = PBXFileReference; lastKnownFileType = sourcecode.swift; path = DetailedWeatherViewController.swift; sourceTree = "<group>"; };
		60E6624D28BEC25B006D3B85 /* DetailedWeatherInteractor.swift */ = {isa = PBXFileReference; lastKnownFileType = sourcecode.swift; path = DetailedWeatherInteractor.swift; sourceTree = "<group>"; };
		60E6625428BEC28E006D3B85 /* DetailedWeatherConfiguration.swift */ = {isa = PBXFileReference; lastKnownFileType = sourcecode.swift; path = DetailedWeatherConfiguration.swift; sourceTree = "<group>"; };
/* End PBXFileReference section */

/* Begin PBXFrameworksBuildPhase section */
		60E661BE28BE17D1006D3B85 /* Frameworks */ = {
			isa = PBXFrameworksBuildPhase;
			buildActionMask = 2147483647;
			files = (
			);
			runOnlyForDeploymentPostprocessing = 0;
		};
/* End PBXFrameworksBuildPhase section */

/* Begin PBXGroup section */
		60E661B828BE17D1006D3B85 = {
			isa = PBXGroup;
			children = (
				60E661C328BE17D1006D3B85 /* NatiaL_HW27 */,
				60E661C228BE17D1006D3B85 /* Products */,
			);
			sourceTree = "<group>";
		};
		60E661C228BE17D1006D3B85 /* Products */ = {
			isa = PBXGroup;
			children = (
				60E661C128BE17D1006D3B85 /* NatiaL_HW27.app */,
			);
			name = Products;
			sourceTree = "<group>";
		};
		60E661C328BE17D1006D3B85 /* NatiaL_HW27 */ = {
			isa = PBXGroup;
			children = (
				60E661DB28BE17DD006D3B85 /* App */,
				60E661E128BE18A5006D3B85 /* Utilities */,
				60E661DC28BE17EC006D3B85 /* API */,
				60E661F728BE1FD0006D3B85 /* Model */,
				60E661F428BE1D82006D3B85 /* Scene */,
				60E661F628BE1DB8006D3B85 /* Resources */,
				60E661D528BE17D2006D3B85 /* Info.plist */,
			);
			path = NatiaL_HW27;
			sourceTree = "<group>";
		};
		60E661DB28BE17DD006D3B85 /* App */ = {
			isa = PBXGroup;
			children = (
				60E661C428BE17D1006D3B85 /* AppDelegate.swift */,
				60E661C628BE17D1006D3B85 /* SceneDelegate.swift */,
			);
			path = App;
			sourceTree = "<group>";
		};
		60E661DC28BE17EC006D3B85 /* API */ = {
			isa = PBXGroup;
			children = (
				60E661DD28BE1805006D3B85 /* APIManager.swift */,
				60E661DF28BE1814006D3B85 /* APIError.swift */,
			);
			path = API;
			sourceTree = "<group>";
		};
		60E661E128BE18A5006D3B85 /* Utilities */ = {
			isa = PBXGroup;
			children = (
				60E661E528BE18E7006D3B85 /* TableViewExtensions */,
				60E661E428BE18DA006D3B85 /* ViewExtensions */,
			);
			path = Utilities;
			sourceTree = "<group>";
		};
		60E661E428BE18DA006D3B85 /* ViewExtensions */ = {
			isa = PBXGroup;
			children = (
				60E661E228BE18BD006D3B85 /* ConstraintsExtensions.swift */,
			);
			path = ViewExtensions;
			sourceTree = "<group>";
		};
		60E661E528BE18E7006D3B85 /* TableViewExtensions */ = {
			isa = PBXGroup;
			children = (
				60E661E628BE1908006D3B85 /* TableViewExtensions.swift */,
			);
			path = TableViewExtensions;
			sourceTree = "<group>";
		};
		60E661F428BE1D82006D3B85 /* Scene */ = {
			isa = PBXGroup;
			children = (
				60E661F528BE1D89006D3B85 /* CityWeatherList */,
				60E6624728BEC22B006D3B85 /* DetailedWeather */,
			);
			path = Scene;
			sourceTree = "<group>";
		};
		60E661F528BE1D89006D3B85 /* CityWeatherList */ = {
			isa = PBXGroup;
			children = (
				60E661FA28BE3FEA006D3B85 /* WeatherListConfiguration.swift */,
				60E661EC28BE1D7B006D3B85 /* CityWeathereListViewController.swift */,
				60E661E828BE1D7B006D3B85 /* CityWeathereListPresenter.swift */,
				60E661E928BE1D7B006D3B85 /* CityWeathereListWorker.swift */,
				60E661EA28BE1D7B006D3B85 /* CityWeathereListRouter.swift */,
				60E661EB28BE1D7B006D3B85 /* CityWeathereListModels.swift */,
				60E661ED28BE1D7B006D3B85 /* CityWeathereListInteractor.swift */,
			);
			path = CityWeatherList;
			sourceTree = "<group>";
		};
		60E661F628BE1DB8006D3B85 /* Resources */ = {
			isa = PBXGroup;
			children = (
				60E661D028BE17D2006D3B85 /* Assets.xcassets */,
				60E661D228BE17D2006D3B85 /* LaunchScreen.storyboard */,
				60E661CD28BE17D1006D3B85 /* NatiaL_HW27.xcdatamodeld */,
			);
			path = Resources;
			sourceTree = "<group>";
		};
		60E661F728BE1FD0006D3B85 /* Model */ = {
			isa = PBXGroup;
			children = (
				60E661F828BE1FEF006D3B85 /* WeatherModel.swift */,
			);
			path = Model;
			sourceTree = "<group>";
		};
		60E6624728BEC22B006D3B85 /* DetailedWeather */ = {
			isa = PBXGroup;
			children = (
				60E6625428BEC28E006D3B85 /* DetailedWeatherConfiguration.swift */,
				60E6624C28BEC25B006D3B85 /* DetailedWeatherViewController.swift */,
				60E6624828BEC25B006D3B85 /* DetailedWeatherPresenter.swift */,
				60E6624D28BEC25B006D3B85 /* DetailedWeatherInteractor.swift */,
				60E6624A28BEC25B006D3B85 /* DetailedWeatherRouter.swift */,
				60E6624B28BEC25B006D3B85 /* DetailedWeatherModels.swift */,
			);
			path = DetailedWeather;
			sourceTree = "<group>";
		};
/* End PBXGroup section */

/* Begin PBXNativeTarget section */
		60E661C028BE17D1006D3B85 /* NatiaL_HW27 */ = {
			isa = PBXNativeTarget;
			buildConfigurationList = 60E661D828BE17D2006D3B85 /* Build configuration list for PBXNativeTarget "NatiaL_HW27" */;
			buildPhases = (
				60E661BD28BE17D1006D3B85 /* Sources */,
				60E661BE28BE17D1006D3B85 /* Frameworks */,
				60E661BF28BE17D1006D3B85 /* Resources */,
			);
			buildRules = (
			);
			dependencies = (
			);
			name = NatiaL_HW27;
			productName = NatiaL_HW27;
			productReference = 60E661C128BE17D1006D3B85 /* NatiaL_HW27.app */;
			productType = "com.apple.product-type.application";
		};
/* End PBXNativeTarget section */

/* Begin PBXProject section */
		60E661B928BE17D1006D3B85 /* Project object */ = {
			isa = PBXProject;
			attributes = {
				BuildIndependentTargetsInParallel = 1;
				LastSwiftUpdateCheck = 1320;
				LastUpgradeCheck = 1320;
				TargetAttributes = {
					60E661C028BE17D1006D3B85 = {
						CreatedOnToolsVersion = 13.2.1;
					};
				};
			};
			buildConfigurationList = 60E661BC28BE17D1006D3B85 /* Build configuration list for PBXProject "NatiaL_HW27" */;
			compatibilityVersion = "Xcode 13.0";
			developmentRegion = en;
			hasScannedForEncodings = 0;
			knownRegions = (
				en,
				Base,
			);
			mainGroup = 60E661B828BE17D1006D3B85;
			productRefGroup = 60E661C228BE17D1006D3B85 /* Products */;
			projectDirPath = "";
			projectRoot = "";
			targets = (
				60E661C028BE17D1006D3B85 /* NatiaL_HW27 */,
			);
		};
/* End PBXProject section */

/* Begin PBXResourcesBuildPhase section */
		60E661BF28BE17D1006D3B85 /* Resources */ = {
			isa = PBXResourcesBuildPhase;
			buildActionMask = 2147483647;
			files = (
				60E661D428BE17D2006D3B85 /* LaunchScreen.storyboard in Resources */,
				60E661D128BE17D2006D3B85 /* Assets.xcassets in Resources */,
			);
			runOnlyForDeploymentPostprocessing = 0;
		};
/* End PBXResourcesBuildPhase section */

/* Begin PBXSourcesBuildPhase section */
		60E661BD28BE17D1006D3B85 /* Sources */ = {
			isa = PBXSourcesBuildPhase;
			buildActionMask = 2147483647;
			files = (
				60E661FB28BE3FEA006D3B85 /* WeatherListConfiguration.swift in Sources */,
				60E661F228BE1D7B006D3B85 /* CityWeathereListViewController.swift in Sources */,
				60E6625128BEC25B006D3B85 /* DetailedWeatherModels.swift in Sources */,
				60E661F328BE1D7B006D3B85 /* CityWeathereListInteractor.swift in Sources */,
				60E661CF28BE17D1006D3B85 /* NatiaL_HW27.xcdatamodeld in Sources */,
				60E661EF28BE1D7B006D3B85 /* CityWeathereListWorker.swift in Sources */,
				60E661F128BE1D7B006D3B85 /* CityWeathereListModels.swift in Sources */,
				60E661E328BE18BD006D3B85 /* ConstraintsExtensions.swift in Sources */,
				60E661DE28BE1805006D3B85 /* APIManager.swift in Sources */,
				60E661F928BE1FEF006D3B85 /* WeatherModel.swift in Sources */,
				60E6625028BEC25B006D3B85 /* DetailedWeatherRouter.swift in Sources */,
				60E661C528BE17D1006D3B85 /* AppDelegate.swift in Sources */,
				60E661EE28BE1D7B006D3B85 /* CityWeathereListPresenter.swift in Sources */,
				60E6625328BEC25B006D3B85 /* DetailedWeatherInteractor.swift in Sources */,
				60E6625228BEC25B006D3B85 /* DetailedWeatherViewController.swift in Sources */,
				60E6625528BEC28E006D3B85 /* DetailedWeatherConfiguration.swift in Sources */,
				60E661F028BE1D7B006D3B85 /* CityWeathereListRouter.swift in Sources */,
				60E661C728BE17D1006D3B85 /* SceneDelegate.swift in Sources */,
				60E6624E28BEC25B006D3B85 /* DetailedWeatherPresenter.swift in Sources */,
				60E661E028BE1814006D3B85 /* APIError.swift in Sources */,
				60E661E728BE1908006D3B85 /* TableViewExtensions.swift in Sources */,
			);
			runOnlyForDeploymentPostprocessing = 0;
		};
/* End PBXSourcesBuildPhase section */

/* Begin PBXVariantGroup section */
		60E661D228BE17D2006D3B85 /* LaunchScreen.storyboard */ = {
			isa = PBXVariantGroup;
			children = (
				60E661D328BE17D2006D3B85 /* Base */,
			);
			name = LaunchScreen.storyboard;
			sourceTree = "<group>";
		};
/* End PBXVariantGroup section */

/* Begin XCBuildConfiguration section */
		60E661D628BE17D2006D3B85 /* Debug */ = {
			isa = XCBuildConfiguration;
			buildSettings = {
				ALWAYS_SEARCH_USER_PATHS = NO;
				CLANG_ANALYZER_NONNULL = YES;
				CLANG_ANALYZER_NUMBER_OBJECT_CONVERSION = YES_AGGRESSIVE;
				CLANG_CXX_LANGUAGE_STANDARD = "gnu++17";
				CLANG_CXX_LIBRARY = "libc++";
				CLANG_ENABLE_MODULES = YES;
				CLANG_ENABLE_OBJC_ARC = YES;
				CLANG_ENABLE_OBJC_WEAK = YES;
				CLANG_WARN_BLOCK_CAPTURE_AUTORELEASING = YES;
				CLANG_WARN_BOOL_CONVERSION = YES;
				CLANG_WARN_COMMA = YES;
				CLANG_WARN_CONSTANT_CONVERSION = YES;
				CLANG_WARN_DEPRECATED_OBJC_IMPLEMENTATIONS = YES;
				CLANG_WARN_DIRECT_OBJC_ISA_USAGE = YES_ERROR;
				CLANG_WARN_DOCUMENTATION_COMMENTS = YES;
				CLANG_WARN_EMPTY_BODY = YES;
				CLANG_WARN_ENUM_CONVERSION = YES;
				CLANG_WARN_INFINITE_RECURSION = YES;
				CLANG_WARN_INT_CONVERSION = YES;
				CLANG_WARN_NON_LITERAL_NULL_CONVERSION = YES;
				CLANG_WARN_OBJC_IMPLICIT_RETAIN_SELF = YES;
				CLANG_WARN_OBJC_LITERAL_CONVERSION = YES;
				CLANG_WARN_OBJC_ROOT_CLASS = YES_ERROR;
				CLANG_WARN_QUOTED_INCLUDE_IN_FRAMEWORK_HEADER = YES;
				CLANG_WARN_RANGE_LOOP_ANALYSIS = YES;
				CLANG_WARN_STRICT_PROTOTYPES = YES;
				CLANG_WARN_SUSPICIOUS_MOVE = YES;
				CLANG_WARN_UNGUARDED_AVAILABILITY = YES_AGGRESSIVE;
				CLANG_WARN_UNREACHABLE_CODE = YES;
				CLANG_WARN__DUPLICATE_METHOD_MATCH = YES;
				COPY_PHASE_STRIP = NO;
				DEBUG_INFORMATION_FORMAT = dwarf;
				ENABLE_STRICT_OBJC_MSGSEND = YES;
				ENABLE_TESTABILITY = YES;
				GCC_C_LANGUAGE_STANDARD = gnu11;
				GCC_DYNAMIC_NO_PIC = NO;
				GCC_NO_COMMON_BLOCKS = YES;
				GCC_OPTIMIZATION_LEVEL = 0;
				GCC_PREPROCESSOR_DEFINITIONS = (
					"DEBUG=1",
					"$(inherited)",
				);
				GCC_WARN_64_TO_32_BIT_CONVERSION = YES;
				GCC_WARN_ABOUT_RETURN_TYPE = YES_ERROR;
				GCC_WARN_UNDECLARED_SELECTOR = YES;
				GCC_WARN_UNINITIALIZED_AUTOS = YES_AGGRESSIVE;
				GCC_WARN_UNUSED_FUNCTION = YES;
				GCC_WARN_UNUSED_VARIABLE = YES;
				IPHONEOS_DEPLOYMENT_TARGET = 15.2;
				MTL_ENABLE_DEBUG_INFO = INCLUDE_SOURCE;
				MTL_FAST_MATH = YES;
				ONLY_ACTIVE_ARCH = YES;
				SDKROOT = iphoneos;
				SWIFT_ACTIVE_COMPILATION_CONDITIONS = DEBUG;
				SWIFT_OPTIMIZATION_LEVEL = "-Onone";
			};
			name = Debug;
		};
		60E661D728BE17D2006D3B85 /* Release */ = {
			isa = XCBuildConfiguration;
			buildSettings = {
				ALWAYS_SEARCH_USER_PATHS = NO;
				CLANG_ANALYZER_NONNULL = YES;
				CLANG_ANALYZER_NUMBER_OBJECT_CONVERSION = YES_AGGRESSIVE;
				CLANG_CXX_LANGUAGE_STANDARD = "gnu++17";
				CLANG_CXX_LIBRARY = "libc++";
				CLANG_ENABLE_MODULES = YES;
				CLANG_ENABLE_OBJC_ARC = YES;
				CLANG_ENABLE_OBJC_WEAK = YES;
				CLANG_WARN_BLOCK_CAPTURE_AUTORELEASING = YES;
				CLANG_WARN_BOOL_CONVERSION = YES;
				CLANG_WARN_COMMA = YES;
				CLANG_WARN_CONSTANT_CONVERSION = YES;
				CLANG_WARN_DEPRECATED_OBJC_IMPLEMENTATIONS = YES;
				CLANG_WARN_DIRECT_OBJC_ISA_USAGE = YES_ERROR;
				CLANG_WARN_DOCUMENTATION_COMMENTS = YES;
				CLANG_WARN_EMPTY_BODY = YES;
				CLANG_WARN_ENUM_CONVERSION = YES;
				CLANG_WARN_INFINITE_RECURSION = YES;
				CLANG_WARN_INT_CONVERSION = YES;
				CLANG_WARN_NON_LITERAL_NULL_CONVERSION = YES;
				CLANG_WARN_OBJC_IMPLICIT_RETAIN_SELF = YES;
				CLANG_WARN_OBJC_LITERAL_CONVERSION = YES;
				CLANG_WARN_OBJC_ROOT_CLASS = YES_ERROR;
				CLANG_WARN_QUOTED_INCLUDE_IN_FRAMEWORK_HEADER = YES;
				CLANG_WARN_RANGE_LOOP_ANALYSIS = YES;
				CLANG_WARN_STRICT_PROTOTYPES = YES;
				CLANG_WARN_SUSPICIOUS_MOVE = YES;
				CLANG_WARN_UNGUARDED_AVAILABILITY = YES_AGGRESSIVE;
				CLANG_WARN_UNREACHABLE_CODE = YES;
				CLANG_WARN__DUPLICATE_METHOD_MATCH = YES;
				COPY_PHASE_STRIP = NO;
				DEBUG_INFORMATION_FORMAT = "dwarf-with-dsym";
				ENABLE_NS_ASSERTIONS = NO;
				ENABLE_STRICT_OBJC_MSGSEND = YES;
				GCC_C_LANGUAGE_STANDARD = gnu11;
				GCC_NO_COMMON_BLOCKS = YES;
				GCC_WARN_64_TO_32_BIT_CONVERSION = YES;
				GCC_WARN_ABOUT_RETURN_TYPE = YES_ERROR;
				GCC_WARN_UNDECLARED_SELECTOR = YES;
				GCC_WARN_UNINITIALIZED_AUTOS = YES_AGGRESSIVE;
				GCC_WARN_UNUSED_FUNCTION = YES;
				GCC_WARN_UNUSED_VARIABLE = YES;
				IPHONEOS_DEPLOYMENT_TARGET = 15.2;
				MTL_ENABLE_DEBUG_INFO = NO;
				MTL_FAST_MATH = YES;
				SDKROOT = iphoneos;
				SWIFT_COMPILATION_MODE = wholemodule;
				SWIFT_OPTIMIZATION_LEVEL = "-O";
				VALIDATE_PRODUCT = YES;
			};
			name = Release;
		};
		60E661D928BE17D2006D3B85 /* Debug */ = {
			isa = XCBuildConfiguration;
			buildSettings = {
				ASSETCATALOG_COMPILER_APPICON_NAME = AppIcon;
				ASSETCATALOG_COMPILER_GLOBAL_ACCENT_COLOR_NAME = AccentColor;
				CODE_SIGN_STYLE = Automatic;
				CURRENT_PROJECT_VERSION = 1;
				GENERATE_INFOPLIST_FILE = YES;
				INFOPLIST_FILE = NatiaL_HW27/Info.plist;
				INFOPLIST_KEY_UIApplicationSupportsIndirectInputEvents = YES;
				INFOPLIST_KEY_UILaunchStoryboardName = LaunchScreen;
				INFOPLIST_KEY_UISupportedInterfaceOrientations_iPad = "UIInterfaceOrientationPortrait UIInterfaceOrientationPortraitUpsideDown UIInterfaceOrientationLandscapeLeft UIInterfaceOrientationLandscapeRight";
				INFOPLIST_KEY_UISupportedInterfaceOrientations_iPhone = "UIInterfaceOrientationPortrait UIInterfaceOrientationLandscapeLeft UIInterfaceOrientationLandscapeRight";
				LD_RUNPATH_SEARCH_PATHS = (
					"$(inherited)",
					"@executable_path/Frameworks",
				);
				MARKETING_VERSION = 1.0;
				PRODUCT_BUNDLE_IDENTIFIER = "NatiaLobzhanidze.NatiaL-HW27";
				PRODUCT_NAME = "$(TARGET_NAME)";
				SWIFT_EMIT_LOC_STRINGS = YES;
				SWIFT_VERSION = 5.0;
				TARGETED_DEVICE_FAMILY = "1,2";
			};
			name = Debug;
		};
		60E661DA28BE17D2006D3B85 /* Release */ = {
			isa = XCBuildConfiguration;
			buildSettings = {
				ASSETCATALOG_COMPILER_APPICON_NAME = AppIcon;
				ASSETCATALOG_COMPILER_GLOBAL_ACCENT_COLOR_NAME = AccentColor;
				CODE_SIGN_STYLE = Automatic;
				CURRENT_PROJECT_VERSION = 1;
				GENERATE_INFOPLIST_FILE = YES;
				INFOPLIST_FILE = NatiaL_HW27/Info.plist;
				INFOPLIST_KEY_UIApplicationSupportsIndirectInputEvents = YES;
				INFOPLIST_KEY_UILaunchStoryboardName = LaunchScreen;
				INFOPLIST_KEY_UISupportedInterfaceOrientations_iPad = "UIInterfaceOrientationPortrait UIInterfaceOrientationPortraitUpsideDown UIInterfaceOrientationLandscapeLeft UIInterfaceOrientationLandscapeRight";
				INFOPLIST_KEY_UISupportedInterfaceOrientations_iPhone = "UIInterfaceOrientationPortrait UIInterfaceOrientationLandscapeLeft UIInterfaceOrientationLandscapeRight";
				LD_RUNPATH_SEARCH_PATHS = (
					"$(inherited)",
					"@executable_path/Frameworks",
				);
				MARKETING_VERSION = 1.0;
				PRODUCT_BUNDLE_IDENTIFIER = "NatiaLobzhanidze.NatiaL-HW27";
				PRODUCT_NAME = "$(TARGET_NAME)";
				SWIFT_EMIT_LOC_STRINGS = YES;
				SWIFT_VERSION = 5.0;
				TARGETED_DEVICE_FAMILY = "1,2";
			};
			name = Release;
		};
/* End XCBuildConfiguration section */

/* Begin XCConfigurationList section */
		60E661BC28BE17D1006D3B85 /* Build configuration list for PBXProject "NatiaL_HW27" */ = {
			isa = XCConfigurationList;
			buildConfigurations = (
				60E661D628BE17D2006D3B85 /* Debug */,
				60E661D728BE17D2006D3B85 /* Release */,
			);
			defaultConfigurationIsVisible = 0;
			defaultConfigurationName = Release;
		};
		60E661D828BE17D2006D3B85 /* Build configuration list for PBXNativeTarget "NatiaL_HW27" */ = {
			isa = XCConfigurationList;
			buildConfigurations = (
				60E661D928BE17D2006D3B85 /* Debug */,
				60E661DA28BE17D2006D3B85 /* Release */,
			);
			defaultConfigurationIsVisible = 0;
			defaultConfigurationName = Release;
		};
/* End XCConfigurationList section */

/* Begin XCVersionGroup section */
		60E661CD28BE17D1006D3B85 /* NatiaL_HW27.xcdatamodeld */ = {
			isa = XCVersionGroup;
			children = (
				60E661CE28BE17D1006D3B85 /* NatiaL_HW27.xcdatamodel */,
			);
			currentVersion = 60E661CE28BE17D1006D3B85 /* NatiaL_HW27.xcdatamodel */;
			path = NatiaL_HW27.xcdatamodeld;
			sourceTree = "<group>";
			versionGroupType = wrapper.xcdatamodel;
		};
/* End XCVersionGroup section */
	};
	rootObject = 60E661B928BE17D1006D3B85 /* Project object */;
}
